uuid: 9c4e765c-c7b4-451e-a205-16b26ad66877
langcode: de
status: true
dependencies:
  module:
    - dt_method_library
    - system
  theme:
    - bartik
id: dtmethodlibraryblock
theme: bartik
region: sidebar_second
weight: 0
provider: null
plugin: dt_method_library_block
settings:
  id: dt_method_library_block
  label: 'DT Method Library Block'
  provider: dt_method_library
  label_display: visible
visibility:
  request_path:
    id: request_path
    pages: /dt/front
    negate: false
    context_mapping: {  }
